
Microsoft Visual Studio Solution File, Format Version 12.00
# Visual Studio 15
VisualStudioVersion = 15.0.33529.398
MinimumVisualStudioVersion = 10.0.40219.1
Project("{8BC9CEB8-8B4A-11D0-8D11-00A0C91BC942}") = "Basic", "BridgeExamples.vcxproj", "{37373461-875F-414A-A50B-4C8559B6464A}"
EndProject
Project("{8BC9CEB8-8B4A-11D0-8D11-00A0C91BC942}") = "Shapes", "..\Shape\Shape.vcxproj", "{8B158F29-58B9-4CD5-9279-9952F75CC36A}"
EndProject
Global
	GlobalSection(SolutionConfigurationPlatforms) = preSolution
		Debug|x64 = Debug|x64
		Debug|x86 = Debug|x86
		Release|x64 = Release|x64
		Release|x86 = Release|x86
	EndGlobalSection
	GlobalSection(ProjectConfigurationPlatforms) = postSolution
		{37373461-875F-414A-A50B-4C8559B6464A}.Debug|x64.ActiveCfg = Debug|x64
		{37373461-875F-414A-A50B-4C8559B6464A}.Debug|x64.Build.0 = Debug|x64
		{37373461-875F-414A-A50B-4C8559B6464A}.Debug|x86.ActiveCfg = Debug|Win32
		{37373461-875F-414A-A50B-4C8559B6464A}.Debug|x86.Build.0 = Debug|Win32
		{37373461-875F-414A-A50B-4C8559B6464A}.Release|x64.ActiveCfg = Release|x64
		{37373461-875F-414A-A50B-4C8559B6464A}.Release|x64.Build.0 = Release|x64
		{37373461-875F-414A-A50B-4C8559B6464A}.Release|x86.ActiveCfg = Release|Win32
		{37373461-875F-414A-A50B-4C8559B6464A}.Release|x86.Build.0 = Release|Win32
		{8B158F29-58B9-4CD5-9279-9952F75CC36A}.Debug|x64.ActiveCfg = Debug|x64
		{8B158F29-58B9-4CD5-9279-9952F75CC36A}.Debug|x64.Build.0 = Debug|x64
		{8B158F29-58B9-4CD5-9279-9952F75CC36A}.Debug|x86.ActiveCfg = Debug|Win32
		{8B158F29-58B9-4CD5-9279-9952F75CC36A}.Debug|x86.Build.0 = Debug|Win32
		{8B158F29-58B9-4CD5-9279-9952F75CC36A}.Release|x64.ActiveCfg = Release|x64
		{8B158F29-58B9-4CD5-9279-9952F75CC36A}.Release|x64.Build.0 = Release|x64
		{8B158F29-58B9-4CD5-9279-9952F75CC36A}.Release|x86.ActiveCfg = Release|Win32
		{8B158F29-58B9-4CD5-9279-9952F75CC36A}.Release|x86.Build.0 = Release|Win32
	EndGlobalSection
	GlobalSection(SolutionProperties) = preSolution
		HideSolutionNode = FALSE
	EndGlobalSection
	GlobalSection(ExtensibilityGlobals) = postSolution
		SolutionGuid = {17BF129B-B830-483E-B10B-B4B078C21281}
	EndGlobalSection
EndGlobal
