
Microsoft Visual Studio Solution File, Format Version 12.00
# Visual Studio 15
VisualStudioVersion = 15.0.28307.2092
MinimumVisualStudioVersion = 10.0.40219.1
Project("{8BC9CEB8-8B4A-11D0-8D11-00A0C91BC942}") = "Basic", "Basic.vcxproj", "{54165761-F478-46C8-824B-62FF774C8050}"
EndProject
Global
	GlobalSection(SolutionConfigurationPlatforms) = preSolution
		Debug|x64 = Debug|x64
		Debug|x86 = Debug|x86
		Release|x64 = Release|x64
		Release|x86 = Release|x86
	EndGlobalSection
	GlobalSection(ProjectConfigurationPlatforms) = postSolution
		{54165761-F478-46C8-824B-62FF774C8050}.Debug|x64.ActiveCfg = Debug|x64
		{54165761-F478-46C8-824B-62FF774C8050}.Debug|x64.Build.0 = Debug|x64
		{54165761-F478-46C8-824B-62FF774C8050}.Debug|x86.ActiveCfg = Debug|Win32
		{54165761-F478-46C8-824B-62FF774C8050}.Debug|x86.Build.0 = Debug|Win32
		{54165761-F478-46C8-824B-62FF774C8050}.Release|x64.ActiveCfg = Release|x64
		{54165761-F478-46C8-824B-62FF774C8050}.Release|x64.Build.0 = Release|x64
		{54165761-F478-46C8-824B-62FF774C8050}.Release|x86.ActiveCfg = Release|Win32
		{54165761-F478-46C8-824B-62FF774C8050}.Release|x86.Build.0 = Release|Win32
	EndGlobalSection
	GlobalSection(SolutionProperties) = preSolution
		HideSolutionNode = FALSE
	EndGlobalSection
	GlobalSection(ExtensibilityGlobals) = postSolution
		SolutionGuid = {1C995C41-B635-4896-B289-A12FDB77B71D}
	EndGlobalSection
EndGlobal
